
Microsoft Visual Studio Solution File, Format Version 12.00
# Visual Studio Version 17
VisualStudioVersion = 17.13.35913.81
MinimumVisualStudioVersion = 10.0.40219.1
Project("{FAE04EC0-301F-11D3-BF4B-00C04F79EFBC}") = "Music_Web", "Music_Web\Music_Web.csproj", "{67B64573-9E7E-4D77-BC68-6DF92AD2FD0C}"
EndProject
Project("{FAE04EC0-301F-11D3-BF4B-00C04F79EFBC}") = "Services", "Services\Services.csproj", "{A7E8BE9D-789F-43B8-8A60-1B28E2CA492F}"
EndProject
Global
	GlobalSection(SolutionConfigurationPlatforms) = preSolution
		Debug|Any CPU = Debug|Any CPU
		Release|Any CPU = Release|Any CPU
	EndGlobalSection
	GlobalSection(ProjectConfigurationPlatforms) = postSolution
		{67B64573-9E7E-4D77-BC68-6DF92AD2FD0C}.Debug|Any CPU.ActiveCfg = Debug|Any CPU
		{67B64573-9E7E-4D77-BC68-6DF92AD2FD0C}.Debug|Any CPU.Build.0 = Debug|Any CPU
		{67B64573-9E7E-4D77-BC68-6DF92AD2FD0C}.Release|Any CPU.ActiveCfg = Release|Any CPU
		{67B64573-9E7E-4D77-BC68-6DF92AD2FD0C}.Release|Any CPU.Build.0 = Release|Any CPU
		{A7E8BE9D-789F-43B8-8A60-1B28E2CA492F}.Debug|Any CPU.ActiveCfg = Debug|Any CPU
		{A7E8BE9D-789F-43B8-8A60-1B28E2CA492F}.Debug|Any CPU.Build.0 = Debug|Any CPU
		{A7E8BE9D-789F-43B8-8A60-1B28E2CA492F}.Release|Any CPU.ActiveCfg = Release|Any CPU
		{A7E8BE9D-789F-43B8-8A60-1B28E2CA492F}.Release|Any CPU.Build.0 = Release|Any CPU
	EndGlobalSection
	GlobalSection(SolutionProperties) = preSolution
		HideSolutionNode = FALSE
	EndGlobalSection
	GlobalSection(ExtensibilityGlobals) = postSolution
		SolutionGuid = {41DDDA37-4CCD-422E-9C96-41FD3467B0F8}
	EndGlobalSection
EndGlobal
